
Microsoft Visual Studio Solution File, Format Version 12.00
# Visual Studio Version 17
VisualStudioVersion = 17.5.33516.290
MinimumVisualStudioVersion = 10.0.40219.1
Project("{FAE04EC0-301F-11D3-BF4B-00C04F79EFBC}") = "OOPAndFiles", "OOPAndFiles\OOPAndFiles.csproj", "{D4941AE5-AF77-4C7A-9C30-FCFE5C565285}"
EndProject
Project("{FAE04EC0-301F-11D3-BF4B-00C04F79EFBC}") = "Frozen", "Frozen\Frozen.csproj", "{5F7D83AF-428F-456C-83D9-69B10C408305}"
EndProject
Global
	GlobalSection(SolutionConfigurationPlatforms) = preSolution
		Debug|Any CPU = Debug|Any CPU
		Release|Any CPU = Release|Any CPU
	EndGlobalSection
	GlobalSection(ProjectConfigurationPlatforms) = postSolution
		{D4941AE5-AF77-4C7A-9C30-FCFE5C565285}.Debug|Any CPU.ActiveCfg = Debug|Any CPU
		{D4941AE5-AF77-4C7A-9C30-FCFE5C565285}.Debug|Any CPU.Build.0 = Debug|Any CPU
		{D4941AE5-AF77-4C7A-9C30-FCFE5C565285}.Release|Any CPU.ActiveCfg = Release|Any CPU
		{D4941AE5-AF77-4C7A-9C30-FCFE5C565285}.Release|Any CPU.Build.0 = Release|Any CPU
		{5F7D83AF-428F-456C-83D9-69B10C408305}.Debug|Any CPU.ActiveCfg = Debug|Any CPU
		{5F7D83AF-428F-456C-83D9-69B10C408305}.Debug|Any CPU.Build.0 = Debug|Any CPU
		{5F7D83AF-428F-456C-83D9-69B10C408305}.Release|Any CPU.ActiveCfg = Release|Any CPU
		{5F7D83AF-428F-456C-83D9-69B10C408305}.Release|Any CPU.Build.0 = Release|Any CPU
	EndGlobalSection
	GlobalSection(SolutionProperties) = preSolution
		HideSolutionNode = FALSE
	EndGlobalSection
	GlobalSection(ExtensibilityGlobals) = postSolution
		SolutionGuid = {6FD02996-CF07-4418-973C-FF37068FEAEB}
	EndGlobalSection
EndGlobal
